
Microsoft Visual Studio Solution File, Format Version 12.00
# Visual Studio 15
VisualStudioVersion = 15.0.26730.10
MinimumVisualStudioVersion = 10.0.40219.1
Project("{FAE04EC0-301F-11D3-BF4B-00C04F79EFBC}") = "Procon29_Visualizer", "Procon29_Visualizer\Procon29_Visualizer.csproj", "{518C428C-FE3B-4D37-8287-8F009864850C}"
EndProject
Project("{8BC9CEB8-8B4A-11D0-8D11-00A0C91BC942}") = "Procon29_Algo", "Procon29_Algo\Procon29_Algo.vcxproj", "{26334BC8-430D-4898-BE6D-B10872BC3BDE}"
EndProject
Global
	GlobalSection(SolutionConfigurationPlatforms) = preSolution
		Debug|Any CPU = Debug|Any CPU
		Debug|x64 = Debug|x64
		Debug|x86 = Debug|x86
		Release|Any CPU = Release|Any CPU
		Release|x64 = Release|x64
		Release|x86 = Release|x86
	EndGlobalSection
	GlobalSection(ProjectConfigurationPlatforms) = postSolution
		{518C428C-FE3B-4D37-8287-8F009864850C}.Debug|Any CPU.ActiveCfg = Debug|Any CPU
		{518C428C-FE3B-4D37-8287-8F009864850C}.Debug|Any CPU.Build.0 = Debug|Any CPU
		{518C428C-FE3B-4D37-8287-8F009864850C}.Debug|x64.ActiveCfg = Debug|Any CPU
		{518C428C-FE3B-4D37-8287-8F009864850C}.Debug|x64.Build.0 = Debug|Any CPU
		{518C428C-FE3B-4D37-8287-8F009864850C}.Debug|x86.ActiveCfg = Debug|Any CPU
		{518C428C-FE3B-4D37-8287-8F009864850C}.Debug|x86.Build.0 = Debug|Any CPU
		{518C428C-FE3B-4D37-8287-8F009864850C}.Release|Any CPU.ActiveCfg = Release|Any CPU
		{518C428C-FE3B-4D37-8287-8F009864850C}.Release|Any CPU.Build.0 = Release|Any CPU
		{518C428C-FE3B-4D37-8287-8F009864850C}.Release|x64.ActiveCfg = Release|Any CPU
		{518C428C-FE3B-4D37-8287-8F009864850C}.Release|x64.Build.0 = Release|Any CPU
		{518C428C-FE3B-4D37-8287-8F009864850C}.Release|x86.ActiveCfg = Release|Any CPU
		{518C428C-FE3B-4D37-8287-8F009864850C}.Release|x86.Build.0 = Release|Any CPU
		{26334BC8-430D-4898-BE6D-B10872BC3BDE}.Debug|Any CPU.ActiveCfg = Debug|Win32
		{26334BC8-430D-4898-BE6D-B10872BC3BDE}.Debug|x64.ActiveCfg = Debug|x64
		{26334BC8-430D-4898-BE6D-B10872BC3BDE}.Debug|x64.Build.0 = Debug|x64
		{26334BC8-430D-4898-BE6D-B10872BC3BDE}.Debug|x86.ActiveCfg = Debug|Win32
		{26334BC8-430D-4898-BE6D-B10872BC3BDE}.Debug|x86.Build.0 = Debug|Win32
		{26334BC8-430D-4898-BE6D-B10872BC3BDE}.Release|Any CPU.ActiveCfg = Release|Win32
		{26334BC8-430D-4898-BE6D-B10872BC3BDE}.Release|x64.ActiveCfg = Release|x64
		{26334BC8-430D-4898-BE6D-B10872BC3BDE}.Release|x64.Build.0 = Release|x64
		{26334BC8-430D-4898-BE6D-B10872BC3BDE}.Release|x86.ActiveCfg = Release|Win32
		{26334BC8-430D-4898-BE6D-B10872BC3BDE}.Release|x86.Build.0 = Release|Win32
	EndGlobalSection
	GlobalSection(SolutionProperties) = preSolution
		HideSolutionNode = FALSE
	EndGlobalSection
	GlobalSection(ExtensibilityGlobals) = postSolution
		SolutionGuid = {30BDAA99-330C-45AC-9AA5-09AEBD6B5494}
	EndGlobalSection
EndGlobal
